// !$*UTF8*$!
{
	archiveVersion = 1;
	classes = {
	};
	objectVersion = 50;
	objects = {

/* Begin PBXBuildFile section */
		AC0C6C4524FA67C4006EF82A /* AppDelegate.swift in Sources */ = {isa = PBXBuildFile; fileRef = AC0C6C4424FA67C4006EF82A /* AppDelegate.swift */; };
		AC0C6C4724FA67C4006EF82A /* SceneDelegate.swift in Sources */ = {isa = PBXBuildFile; fileRef = AC0C6C4624FA67C4006EF82A /* SceneDelegate.swift */; };
		AC0C6C4924FA67C4006EF82A /* ViewController.swift in Sources */ = {isa = PBXBuildFile; fileRef = AC0C6C4824FA67C4006EF82A /* ViewController.swift */; };
		AC0C6C4C24FA67C4006EF82A /* Main.storyboard in Resources */ = {isa = PBXBuildFile; fileRef = AC0C6C4A24FA67C4006EF82A /* Main.storyboard */; };
		AC0C6C4E24FA67C5006EF82A /* Assets.xcassets in Resources */ = {isa = PBXBuildFile; fileRef = AC0C6C4D24FA67C5006EF82A /* Assets.xcassets */; };
		AC0C6C5124FA67C5006EF82A /* LaunchScreen.storyboard in Resources */ = {isa = PBXBuildFile; fileRef = AC0C6C4F24FA67C5006EF82A /* LaunchScreen.storyboard */; };
/* End PBXBuildFile section */

/* Begin PBXFileReference section */
		AC0C6C4124FA67C4006EF82A /* DateAlarm.app */ = {isa = PBXFileReference; explicitFileType = wrapper.application; includeInIndex = 0; path = DateAlarm.app; sourceTree = BUILT_PRODUCTS_DIR; };
		AC0C6C4424FA67C4006EF82A /* AppDelegate.swift */ = {isa = PBXFileReference; lastKnownFileType = sourcecode.swift; path = AppDelegate.swift; sourceTree = "<group>"; };
		AC0C6C4624FA67C4006EF82A /* SceneDelegate.swift */ = {isa = PBXFileReference; lastKnownFileType = sourcecode.swift; path = SceneDelegate.swift; sourceTree = "<group>"; };
		AC0C6C4824FA67C4006EF82A /* ViewController.swift */ = {isa = PBXFileReference; lastKnownFileType = sourcecode.swift; path = ViewController.swift; sourceTree = "<group>"; };
		AC0C6C4B24FA67C4006EF82A /* Base */ = {isa = PBXFileReference; lastKnownFileType = file.storyboard; name = Base; path = Base.lproj/Main.storyboard; sourceTree = "<group>"; };
		AC0C6C4D24FA67C5006EF82A /* Assets.xcassets */ = {isa = PBXFileReference; lastKnownFileType = folder.assetcatalog; path = Assets.xcassets; sourceTree = "<group>"; };
		AC0C6C5024FA67C5006EF82A /* Base */ = {isa = PBXFileReference; lastKnownFileType = file.storyboard; name = Base; path = Base.lproj/LaunchScreen.storyboard; sourceTree = "<group>"; };
		AC0C6C5224FA67C5006EF82A /* Info.plist */ = {isa = PBXFileReference; lastKnownFileType = text.plist.xml; path = Info.plist; sourceTree = "<group>"; };
/* End PBXFileReference section */

/* Begin PBXFrameworksBuildPhase section */
		AC0C6C3E24FA67C4006EF82A /* Frameworks */ = {
			isa = PBXFrameworksBuildPhase;
			buildActionMask = 2147483647;
			files = (
			);
			runOnlyForDeploymentPostprocessing = 0;
		};
/* End PBXFrameworksBuildPhase section */

/* Begin PBXGroup section */
		AC0C6C3824FA67C4006EF82A = {
			isa = PBXGroup;
			children = (
				AC0C6C4324FA67C4006EF82A /* DateAlarm */,
				AC0C6C4224FA67C4006EF82A /* Products */,
			);
			sourceTree = "<group>";
		};
		AC0C6C4224FA67C4006EF82A /* Products */ = {
			isa = PBXGroup;
			children = (
				AC0C6C4124FA67C4006EF82A /* DateAlarm.app */,
			);
			name = Products;
			sourceTree = "<group>";
		};
		AC0C6C4324FA67C4006EF82A /* DateAlarm */ = {
			isa = PBXGroup;
			children = (
				AC0C6C4424FA67C4006EF82A /* AppDelegate.swift */,
				AC0C6C4624FA67C4006EF82A /* SceneDelegate.swift */,
				AC0C6C4824FA67C4006EF82A /* ViewController.swift */,
				AC0C6C4A24FA67C4006EF82A /* Main.storyboard */,
				AC0C6C4D24FA67C5006EF82A /* Assets.xcassets */,
				AC0C6C4F24FA67C5006EF82A /* LaunchScreen.storyboard */,
				AC0C6C5224FA67C5006EF82A /* Info.plist */,
			);
			path = DateAlarm;
			sourceTree = "<group>";
		};
/* End PBXGroup section */

/* Begin PBXNativeTarget section */
		AC0C6C4024FA67C4006EF82A /* DateAlarm */ = {
			isa = PBXNativeTarget;
			buildConfigurationList = AC0C6C5524FA67C5006EF82A /* Build configuration list for PBXNativeTarget "DateAlarm" */;
			buildPhases = (
				AC0C6C3D24FA67C4006EF82A /* Sources */,
				AC0C6C3E24FA67C4006EF82A /* Frameworks */,
				AC0C6C3F24FA67C4006EF82A /* Resources */,
			);
			buildRules = (
			);
			dependencies = (
			);
			name = DateAlarm;
			productName = DateAlarm;
			productReference = AC0C6C4124FA67C4006EF82A /* DateAlarm.app */;
			productType = "com.apple.product-type.application";
		};
/* End PBXNativeTarget section */

/* Begin PBXProject section */
		AC0C6C3924FA67C4006EF82A /* Project object */ = {
			isa = PBXProject;
			attributes = {
				LastSwiftUpdateCheck = 1130;
				LastUpgradeCheck = 1130;
				ORGANIZATIONNAME = oui;
				TargetAttributes = {
					AC0C6C4024FA67C4006EF82A = {
						CreatedOnToolsVersion = 11.3;
					};
				};
			};
			buildConfigurationList = AC0C6C3C24FA67C4006EF82A /* Build configuration list for PBXProject "DateAlarm" */;
			compatibilityVersion = "Xcode 9.3";
			developmentRegion = en;
			hasScannedForEncodings = 0;
			knownRegions = (
				en,
				Base,
			);
			mainGroup = AC0C6C3824FA67C4006EF82A;
			productRefGroup = AC0C6C4224FA67C4006EF82A /* Products */;
			projectDirPath = "";
			projectRoot = "";
			targets = (
				AC0C6C4024FA67C4006EF82A /* DateAlarm */,
			);
		};
/* End PBXProject section */

/* Begin PBXResourcesBuildPhase section */
		AC0C6C3F24FA67C4006EF82A /* Resources */ = {
			isa = PBXResourcesBuildPhase;
			buildActionMask = 2147483647;
			files = (
				AC0C6C5124FA67C5006EF82A /* LaunchScreen.storyboard in Resources */,
				AC0C6C4E24FA67C5006EF82A /* Assets.xcassets in Resources */,
				AC0C6C4C24FA67C4006EF82A /* Main.storyboard in Resources */,
			);
			runOnlyForDeploymentPostprocessing = 0;
		};
/* End PBXResourcesBuildPhase section */

/* Begin PBXSourcesBuildPhase section */
		AC0C6C3D24FA67C4006EF82A /* Sources */ = {
			isa = PBXSourcesBuildPhase;
			buildActionMask = 2147483647;
			files = (
				AC0C6C4924FA67C4006EF82A /* ViewController.swift in Sources */,
				AC0C6C4524FA67C4006EF82A /* AppDelegate.swift in Sources */,
				AC0C6C4724FA67C4006EF82A /* SceneDelegate.swift in Sources */,
			);
			runOnlyForDeploymentPostprocessing = 0;
		};
/* End PBXSourcesBuildPhase section */

/* Begin PBXVariantGroup section */
		AC0C6C4A24FA67C4006EF82A /* Main.storyboard */ = {
			isa = PBXVariantGroup;
			children = (
				AC0C6C4B24FA67C4006EF82A /* Base */,
			);
			name = Main.storyboard;
			sourceTree = "<group>";
		};
		AC0C6C4F24FA67C5006EF82A /* LaunchScreen.storyboard */ = {
			isa = PBXVariantGroup;
			children = (
				AC0C6C5024FA67C5006EF82A /* Base */,
			);
			name = LaunchScreen.storyboard;
			sourceTree = "<group>";
		};
/* End PBXVariantGroup section */

/* Begin XCBuildConfiguration section */
		AC0C6C5324FA67C5006EF82A /* Debug */ = {
			isa = XCBuildConfiguration;
			buildSettings = {
				ALWAYS_SEARCH_USER_PATHS = NO;
				CLANG_ANALYZER_NONNULL = YES;
				CLANG_ANALYZER_NUMBER_OBJECT_CONVERSION = YES_AGGRESSIVE;
				CLANG_CXX_LANGUAGE_STANDARD = "gnu++14";
				CLANG_CXX_LIBRARY = "libc++";
				CLANG_ENABLE_MODULES = YES;
				CLANG_ENABLE_OBJC_ARC = YES;
				CLANG_ENABLE_OBJC_WEAK = YES;
				CLANG_WARN_BLOCK_CAPTURE_AUTORELEASING = YES;
				CLANG_WARN_BOOL_CONVERSION = YES;
				CLANG_WARN_COMMA = YES;
				CLANG_WARN_CONSTANT_CONVERSION = YES;
				CLANG_WARN_DEPRECATED_OBJC_IMPLEMENTATIONS = YES;
				CLANG_WARN_DIRECT_OBJC_ISA_USAGE = YES_ERROR;
				CLANG_WARN_DOCUMENTATION_COMMENTS = YES;
				CLANG_WARN_EMPTY_BODY = YES;
				CLANG_WARN_ENUM_CONVERSION = YES;
				CLANG_WARN_INFINITE_RECURSION = YES;
				CLANG_WARN_INT_CONVERSION = YES;
				CLANG_WARN_NON_LITERAL_NULL_CONVERSION = YES;
				CLANG_WARN_OBJC_IMPLICIT_RETAIN_SELF = YES;
				CLANG_WARN_OBJC_LITERAL_CONVERSION = YES;
				CLANG_WARN_OBJC_ROOT_CLASS = YES_ERROR;
				CLANG_WARN_RANGE_LOOP_ANALYSIS = YES;
				CLANG_WARN_STRICT_PROTOTYPES = YES;
				CLANG_WARN_SUSPICIOUS_MOVE = YES;
				CLANG_WARN_UNGUARDED_AVAILABILITY = YES_AGGRESSIVE;
				CLANG_WARN_UNREACHABLE_CODE = YES;
				CLANG_WARN__DUPLICATE_METHOD_MATCH = YES;
				COPY_PHASE_STRIP = NO;
				DEBUG_INFORMATION_FORMAT = dwarf;
				ENABLE_STRICT_OBJC_MSGSEND = YES;
				ENABLE_TESTABILITY = YES;
				GCC_C_LANGUAGE_STANDARD = gnu11;
				GCC_DYNAMIC_NO_PIC = NO;
				GCC_NO_COMMON_BLOCKS = YES;
				GCC_OPTIMIZATION_LEVEL = 0;
				GCC_PREPROCESSOR_DEFINITIONS = (
					"DEBUG=1",
					"$(inherited)",
				);
				GCC_WARN_64_TO_32_BIT_CONVERSION = YES;
				GCC_WARN_ABOUT_RETURN_TYPE = YES_ERROR;
				GCC_WARN_UNDECLARED_SELECTOR = YES;
				GCC_WARN_UNINITIALIZED_AUTOS = YES_AGGRESSIVE;
				GCC_WARN_UNUSED_FUNCTION = YES;
				GCC_WARN_UNUSED_VARIABLE = YES;
				IPHONEOS_DEPLOYMENT_TARGET = 13.2;
				MTL_ENABLE_DEBUG_INFO = INCLUDE_SOURCE;
				MTL_FAST_MATH = YES;
				ONLY_ACTIVE_ARCH = YES;
				SDKROOT = iphoneos;
				SWIFT_ACTIVE_COMPILATION_CONDITIONS = DEBUG;
				SWIFT_OPTIMIZATION_LEVEL = "-Onone";
			};
			name = Debug;
		};
		AC0C6C5424FA67C5006EF82A /* Release */ = {
			isa = XCBuildConfiguration;
			buildSettings = {
				ALWAYS_SEARCH_USER_PATHS = NO;
				CLANG_ANALYZER_NONNULL = YES;
				CLANG_ANALYZER_NUMBER_OBJECT_CONVERSION = YES_AGGRESSIVE;
				CLANG_CXX_LANGUAGE_STANDARD = "gnu++14";
				CLANG_CXX_LIBRARY = "libc++";
				CLANG_ENABLE_MODULES = YES;
				CLANG_ENABLE_OBJC_ARC = YES;
				CLANG_ENABLE_OBJC_WEAK = YES;
				CLANG_WARN_BLOCK_CAPTURE_AUTORELEASING = YES;
				CLANG_WARN_BOOL_CONVERSION = YES;
				CLANG_WARN_COMMA = YES;
				CLANG_WARN_CONSTANT_CONVERSION = YES;
				CLANG_WARN_DEPRECATED_OBJC_IMPLEMENTATIONS = YES;
				CLANG_WARN_DIRECT_OBJC_ISA_USAGE = YES_ERROR;
				CLANG_WARN_DOCUMENTATION_COMMENTS = YES;
				CLANG_WARN_EMPTY_BODY = YES;
				CLANG_WARN_ENUM_CONVERSION = YES;
				CLANG_WARN_INFINITE_RECURSION = YES;
				CLANG_WARN_INT_CONVERSION = YES;
				CLANG_WARN_NON_LITERAL_NULL_CONVERSION = YES;
				CLANG_WARN_OBJC_IMPLICIT_RETAIN_SELF = YES;
				CLANG_WARN_OBJC_LITERAL_CONVERSION = YES;
				CLANG_WARN_OBJC_ROOT_CLASS = YES_ERROR;
				CLANG_WARN_RANGE_LOOP_ANALYSIS = YES;
				CLANG_WARN_STRICT_PROTOTYPES = YES;
				CLANG_WARN_SUSPICIOUS_MOVE = YES;
				CLANG_WARN_UNGUARDED_AVAILABILITY = YES_AGGRESSIVE;
				CLANG_WARN_UNREACHABLE_CODE = YES;
				CLANG_WARN__DUPLICATE_METHOD_MATCH = YES;
				COPY_PHASE_STRIP = NO;
				DEBUG_INFORMATION_FORMAT = "dwarf-with-dsym";
				ENABLE_NS_ASSERTIONS = NO;
				ENABLE_STRICT_OBJC_MSGSEND = YES;
				GCC_C_LANGUAGE_STANDARD = gnu11;
				GCC_NO_COMMON_BLOCKS = YES;
				GCC_WARN_64_TO_32_BIT_CONVERSION = YES;
				GCC_WARN_ABOUT_RETURN_TYPE = YES_ERROR;
				GCC_WARN_UNDECLARED_SELECTOR = YES;
				GCC_WARN_UNINITIALIZED_AUTOS = YES_AGGRESSIVE;
				GCC_WARN_UNUSED_FUNCTION = YES;
				GCC_WARN_UNUSED_VARIABLE = YES;
				IPHONEOS_DEPLOYMENT_TARGET = 13.2;
				MTL_ENABLE_DEBUG_INFO = NO;
				MTL_FAST_MATH = YES;
				SDKROOT = iphoneos;
				SWIFT_COMPILATION_MODE = wholemodule;
				SWIFT_OPTIMIZATION_LEVEL = "-O";
				VALIDATE_PRODUCT = YES;
			};
			name = Release;
		};
		AC0C6C5624FA67C5006EF82A /* Debug */ = {
			isa = XCBuildConfiguration;
			buildSettings = {
				ASSETCATALOG_COMPILER_APPICON_NAME = AppIcon;
				CODE_SIGN_STYLE = Automatic;
				DEVELOPMENT_TEAM = RQRSR69999;
				INFOPLIST_FILE = DateAlarm/Info.plist;
				LD_RUNPATH_SEARCH_PATHS = (
					"$(inherited)",
					"@executable_path/Frameworks",
				);
				PRODUCT_BUNDLE_IDENTIFIER = com.humnyaring.DateAlarm;
				PRODUCT_NAME = "$(TARGET_NAME)";
				SWIFT_VERSION = 5.0;
				TARGETED_DEVICE_FAMILY = "1,2";
			};
			name = Debug;
		};
		AC0C6C5724FA67C5006EF82A /* Release */ = {
			isa = XCBuildConfiguration;
			buildSettings = {
				ASSETCATALOG_COMPILER_APPICON_NAME = AppIcon;
				CODE_SIGN_STYLE = Automatic;
				DEVELOPMENT_TEAM = RQRSR69999;
				INFOPLIST_FILE = DateAlarm/Info.plist;
				LD_RUNPATH_SEARCH_PATHS = (
					"$(inherited)",
					"@executable_path/Frameworks",
				);
				PRODUCT_BUNDLE_IDENTIFIER = com.humnyaring.DateAlarm;
				PRODUCT_NAME = "$(TARGET_NAME)";
				SWIFT_VERSION = 5.0;
				TARGETED_DEVICE_FAMILY = "1,2";
			};
			name = Release;
		};
/* End XCBuildConfiguration section */

/* Begin XCConfigurationList section */
		AC0C6C3C24FA67C4006EF82A /* Build configuration list for PBXProject "DateAlarm" */ = {
			isa = XCConfigurationList;
			buildConfigurations = (
				AC0C6C5324FA67C5006EF82A /* Debug */,
				AC0C6C5424FA67C5006EF82A /* Release */,
			);
			defaultConfigurationIsVisible = 0;
			defaultConfigurationName = Release;
		};
		AC0C6C5524FA67C5006EF82A /* Build configuration list for PBXNativeTarget "DateAlarm" */ = {
			isa = XCConfigurationList;
			buildConfigurations = (
				AC0C6C5624FA67C5006EF82A /* Debug */,
				AC0C6C5724FA67C5006EF82A /* Release */,
			);
			defaultConfigurationIsVisible = 0;
			defaultConfigurationName = Release;
		};
/* End XCConfigurationList section */
	};
	rootObject = AC0C6C3924FA67C4006EF82A /* Project object */;
}
